
Microsoft Visual Studio Solution File, Format Version 12.00
# Visual Studio Version 17
VisualStudioVersion = 17.0.31919.166
MinimumVisualStudioVersion = 10.0.40219.1
Project("{2150E333-8FDC-42A3-9474-1A3956D46DE8}") = "DB", "DB", "{06AA81F5-6D38-44D6-9045-5F840F0322CB}"
EndProject
Project("{2150E333-8FDC-42A3-9474-1A3956D46DE8}") = "Net", "Net", "{AEA59BC9-D75F-49A2-AEF1-CD8A3267D653}"
EndProject
Project("{9A19103F-16F7-4668-BE54-9A1E7A4F7556}") = "DevToolsNet.DB.Generator", "DevToolsNet.DB.Generator\DevToolsNet.DB.Generator.csproj", "{589493DD-1C42-4C52-8E98-8B2C4DD1CF7D}"
EndProject
Project("{2150E333-8FDC-42A3-9474-1A3956D46DE8}") = "Security", "Security", "{ABBB7B3B-79DF-4F4F-8B4D-7D16EFBC6F1A}"
EndProject
Project("{9A19103F-16F7-4668-BE54-9A1E7A4F7556}") = "DevToolsNet.Security", "DevToolsNet.Security\DevToolsNet.Security.csproj", "{F180E390-02D4-4BF8-86E0-1483D7CCA2C8}"
EndProject
Project("{9A19103F-16F7-4668-BE54-9A1E7A4F7556}") = "DevToolsNet.DB.Runner", "DevToolsNet.DB.MultiServerRun\DevToolsNet.DB.Runner.csproj", "{D2C654F8-0837-4147-9937-FA5B5582D765}"
EndProject
Project("{9A19103F-16F7-4668-BE54-9A1E7A4F7556}") = "DevToolsNet.Generics", "DevToolsNet.Generics\DevToolsNet.Generics.csproj", "{B2C61023-C3D3-4223-8419-05AEFF785213}"
EndProject
Project("{9A19103F-16F7-4668-BE54-9A1E7A4F7556}") = "DevToolsNet.Extensions", "DevToolsNet.Extensions\DevToolsNet.Extensions.csproj", "{B34A42F4-5584-4F47-9CF5-B7204416EF4F}"
EndProject
Project("{9A19103F-16F7-4668-BE54-9A1E7A4F7556}") = "DevToolsNet.Drawing", "DevToolsNet.Drawing\DevToolsNet.Drawing.csproj", "{8D21824F-105D-4BEA-9932-825991A5CFF8}"
EndProject
Project("{9A19103F-16F7-4668-BE54-9A1E7A4F7556}") = "DevToolsNet.Xml", "DevToolsNet.Xml\DevToolsNet.Xml.csproj", "{81ADFC9C-A913-4796-924A-CF4ED7540218}"
EndProject
Project("{9A19103F-16F7-4668-BE54-9A1E7A4F7556}") = "DevToolsNet.DB.Objects", "DevToolsNet6.DB.Objects\DevToolsNet.DB.Objects.csproj", "{A40BE525-52E7-46EA-BC42-8B3BD2964BBD}"
EndProject
Project("{9A19103F-16F7-4668-BE54-9A1E7A4F7556}") = "DevToolsNet.zzzTester", "DevToolsNet.Tester\DevToolsNet.zzzTester.csproj", "{E2C82E9D-447B-4B7B-988F-DC44DDE5E764}"
EndProject
Project("{9A19103F-16F7-4668-BE54-9A1E7A4F7556}") = "DevToolsNet.WindowsApp", "DevToolsNet.WindowsApp\DevToolsNet.WindowsApp.csproj", "{5AA788E8-47E9-478A-B850-6E60E994A699}"
EndProject
Project("{2150E333-8FDC-42A3-9474-1A3956D46DE8}") = "Apps", "Apps", "{B70C7224-EFDD-4E22-A907-8C829388A5AD}"
EndProject
Project("{2150E333-8FDC-42A3-9474-1A3956D46DE8}") = "WebApp", "WebApp", "{86925995-5BCA-4204-A73A-B32AF3D9F634}"
EndProject
Project("{FAE04EC0-301F-11D3-BF4B-00C04F79EFBC}") = "DevToolsNet6.WebApp", "DevToolsNet6.WebApp\DevToolsNet6.WebApp.csproj", "{F9B98BBF-282B-4B03-92A9-9D65808F7056}"
Project("{9A19103F-16F7-4668-BE54-9A1E7A4F7556}") = "DevToolsNet.AppConfig", "DevToolsNet.AppConfig\DevToolsNet.AppConfig.csproj", "{80BC13BC-8D76-432B-99A8-928E1F7B1C8C}"
EndProject
Project("{FAE04EC0-301F-11D3-BF4B-00C04F79EFBC}") = "DevToolsNet.Shared", "DevToolsNet.Shared\DevToolsNet.Shared.csproj", "{844039D3-8424-4843-A8AA-91906260E450}"
EndProject
Project("{FAE04EC0-301F-11D3-BF4B-00C04F79EFBC}") = "DevToolsNet.AppConfig.SQL", "DevToolsNet.AppConfig.SQL\DevToolsNet.AppConfig.SQL.csproj", "{3ED67C2E-BDA7-4394-B1E7-462AD6D2851D}"
EndProject
Global
	GlobalSection(SolutionConfigurationPlatforms) = preSolution
		Debug|Any CPU = Debug|Any CPU
		Release|Any CPU = Release|Any CPU
	EndGlobalSection
	GlobalSection(ProjectConfigurationPlatforms) = postSolution
		{589493DD-1C42-4C52-8E98-8B2C4DD1CF7D}.Debug|Any CPU.ActiveCfg = Debug|Any CPU
		{589493DD-1C42-4C52-8E98-8B2C4DD1CF7D}.Debug|Any CPU.Build.0 = Debug|Any CPU
		{589493DD-1C42-4C52-8E98-8B2C4DD1CF7D}.Release|Any CPU.ActiveCfg = Release|Any CPU
		{589493DD-1C42-4C52-8E98-8B2C4DD1CF7D}.Release|Any CPU.Build.0 = Release|Any CPU
		{F180E390-02D4-4BF8-86E0-1483D7CCA2C8}.Debug|Any CPU.ActiveCfg = Debug|Any CPU
		{F180E390-02D4-4BF8-86E0-1483D7CCA2C8}.Debug|Any CPU.Build.0 = Debug|Any CPU
		{F180E390-02D4-4BF8-86E0-1483D7CCA2C8}.Release|Any CPU.ActiveCfg = Release|Any CPU
		{F180E390-02D4-4BF8-86E0-1483D7CCA2C8}.Release|Any CPU.Build.0 = Release|Any CPU
		{D2C654F8-0837-4147-9937-FA5B5582D765}.Debug|Any CPU.ActiveCfg = Debug|Any CPU
		{D2C654F8-0837-4147-9937-FA5B5582D765}.Debug|Any CPU.Build.0 = Debug|Any CPU
		{D2C654F8-0837-4147-9937-FA5B5582D765}.Release|Any CPU.ActiveCfg = Release|Any CPU
		{D2C654F8-0837-4147-9937-FA5B5582D765}.Release|Any CPU.Build.0 = Release|Any CPU
		{B2C61023-C3D3-4223-8419-05AEFF785213}.Debug|Any CPU.ActiveCfg = Debug|Any CPU
		{B2C61023-C3D3-4223-8419-05AEFF785213}.Debug|Any CPU.Build.0 = Debug|Any CPU
		{B2C61023-C3D3-4223-8419-05AEFF785213}.Release|Any CPU.ActiveCfg = Release|Any CPU
		{B2C61023-C3D3-4223-8419-05AEFF785213}.Release|Any CPU.Build.0 = Release|Any CPU
		{B34A42F4-5584-4F47-9CF5-B7204416EF4F}.Debug|Any CPU.ActiveCfg = Debug|Any CPU
		{B34A42F4-5584-4F47-9CF5-B7204416EF4F}.Debug|Any CPU.Build.0 = Debug|Any CPU
		{B34A42F4-5584-4F47-9CF5-B7204416EF4F}.Release|Any CPU.ActiveCfg = Release|Any CPU
		{B34A42F4-5584-4F47-9CF5-B7204416EF4F}.Release|Any CPU.Build.0 = Release|Any CPU
		{8D21824F-105D-4BEA-9932-825991A5CFF8}.Debug|Any CPU.ActiveCfg = Debug|Any CPU
		{8D21824F-105D-4BEA-9932-825991A5CFF8}.Debug|Any CPU.Build.0 = Debug|Any CPU
		{8D21824F-105D-4BEA-9932-825991A5CFF8}.Release|Any CPU.ActiveCfg = Release|Any CPU
		{8D21824F-105D-4BEA-9932-825991A5CFF8}.Release|Any CPU.Build.0 = Release|Any CPU
		{81ADFC9C-A913-4796-924A-CF4ED7540218}.Debug|Any CPU.ActiveCfg = Debug|Any CPU
		{81ADFC9C-A913-4796-924A-CF4ED7540218}.Debug|Any CPU.Build.0 = Debug|Any CPU
		{81ADFC9C-A913-4796-924A-CF4ED7540218}.Release|Any CPU.ActiveCfg = Release|Any CPU
		{81ADFC9C-A913-4796-924A-CF4ED7540218}.Release|Any CPU.Build.0 = Release|Any CPU
		{A40BE525-52E7-46EA-BC42-8B3BD2964BBD}.Debug|Any CPU.ActiveCfg = Debug|Any CPU
		{A40BE525-52E7-46EA-BC42-8B3BD2964BBD}.Debug|Any CPU.Build.0 = Debug|Any CPU
		{A40BE525-52E7-46EA-BC42-8B3BD2964BBD}.Release|Any CPU.ActiveCfg = Release|Any CPU
		{A40BE525-52E7-46EA-BC42-8B3BD2964BBD}.Release|Any CPU.Build.0 = Release|Any CPU
		{E2C82E9D-447B-4B7B-988F-DC44DDE5E764}.Debug|Any CPU.ActiveCfg = Debug|Any CPU
		{E2C82E9D-447B-4B7B-988F-DC44DDE5E764}.Debug|Any CPU.Build.0 = Debug|Any CPU
		{E2C82E9D-447B-4B7B-988F-DC44DDE5E764}.Release|Any CPU.ActiveCfg = Release|Any CPU
		{E2C82E9D-447B-4B7B-988F-DC44DDE5E764}.Release|Any CPU.Build.0 = Release|Any CPU
		{5AA788E8-47E9-478A-B850-6E60E994A699}.Debug|Any CPU.ActiveCfg = Debug|Any CPU
		{5AA788E8-47E9-478A-B850-6E60E994A699}.Debug|Any CPU.Build.0 = Debug|Any CPU
		{5AA788E8-47E9-478A-B850-6E60E994A699}.Release|Any CPU.ActiveCfg = Release|Any CPU
		{5AA788E8-47E9-478A-B850-6E60E994A699}.Release|Any CPU.Build.0 = Release|Any CPU
		{F9B98BBF-282B-4B03-92A9-9D65808F7056}.Debug|Any CPU.ActiveCfg = Debug|Any CPU
		{F9B98BBF-282B-4B03-92A9-9D65808F7056}.Debug|Any CPU.Build.0 = Debug|Any CPU
		{F9B98BBF-282B-4B03-92A9-9D65808F7056}.Release|Any CPU.ActiveCfg = Release|Any CPU
		{F9B98BBF-282B-4B03-92A9-9D65808F7056}.Release|Any CPU.Build.0 = Release|Any CPU
		{80BC13BC-8D76-432B-99A8-928E1F7B1C8C}.Debug|Any CPU.ActiveCfg = Debug|Any CPU
		{80BC13BC-8D76-432B-99A8-928E1F7B1C8C}.Debug|Any CPU.Build.0 = Debug|Any CPU
		{80BC13BC-8D76-432B-99A8-928E1F7B1C8C}.Release|Any CPU.ActiveCfg = Release|Any CPU
		{80BC13BC-8D76-432B-99A8-928E1F7B1C8C}.Release|Any CPU.Build.0 = Release|Any CPU
		{844039D3-8424-4843-A8AA-91906260E450}.Debug|Any CPU.ActiveCfg = Debug|Any CPU
		{844039D3-8424-4843-A8AA-91906260E450}.Debug|Any CPU.Build.0 = Debug|Any CPU
		{844039D3-8424-4843-A8AA-91906260E450}.Release|Any CPU.ActiveCfg = Release|Any CPU
		{844039D3-8424-4843-A8AA-91906260E450}.Release|Any CPU.Build.0 = Release|Any CPU
		{3ED67C2E-BDA7-4394-B1E7-462AD6D2851D}.Debug|Any CPU.ActiveCfg = Debug|Any CPU
		{3ED67C2E-BDA7-4394-B1E7-462AD6D2851D}.Debug|Any CPU.Build.0 = Debug|Any CPU
		{3ED67C2E-BDA7-4394-B1E7-462AD6D2851D}.Release|Any CPU.ActiveCfg = Release|Any CPU
		{3ED67C2E-BDA7-4394-B1E7-462AD6D2851D}.Release|Any CPU.Build.0 = Release|Any CPU
	EndGlobalSection
	GlobalSection(SolutionProperties) = preSolution
		HideSolutionNode = FALSE
	EndGlobalSection
	GlobalSection(NestedProjects) = preSolution
		{589493DD-1C42-4C52-8E98-8B2C4DD1CF7D} = {06AA81F5-6D38-44D6-9045-5F840F0322CB}
		{F180E390-02D4-4BF8-86E0-1483D7CCA2C8} = {ABBB7B3B-79DF-4F4F-8B4D-7D16EFBC6F1A}
		{D2C654F8-0837-4147-9937-FA5B5582D765} = {06AA81F5-6D38-44D6-9045-5F840F0322CB}
		{A40BE525-52E7-46EA-BC42-8B3BD2964BBD} = {06AA81F5-6D38-44D6-9045-5F840F0322CB}
		{5AA788E8-47E9-478A-B850-6E60E994A699} = {B70C7224-EFDD-4E22-A907-8C829388A5AD}
		{86925995-5BCA-4204-A73A-B32AF3D9F634} = {B70C7224-EFDD-4E22-A907-8C829388A5AD}
		{F9B98BBF-282B-4B03-92A9-9D65808F7056} = {86925995-5BCA-4204-A73A-B32AF3D9F634}
	EndGlobalSection
	GlobalSection(ExtensibilityGlobals) = postSolution
		SolutionGuid = {851D85FB-37A4-47C9-AC7A-D8FB578036D9}
	EndGlobalSection
EndGlobal
