
Microsoft Visual Studio Solution File, Format Version 12.00
# Visual Studio Version 17
VisualStudioVersion = 17.0.31919.166
MinimumVisualStudioVersion = 10.0.40219.1
Project("{2150E333-8FDC-42A3-9474-1A3956D46DE8}") = "DB", "DB", "{06AA81F5-6D38-44D6-9045-5F840F0322CB}"
EndProject
Project("{2150E333-8FDC-42A3-9474-1A3956D46DE8}") = "Windows", "Windows", "{AEA59BC9-D75F-49A2-AEF1-CD8A3267D653}"
EndProject
Project("{9A19103F-16F7-4668-BE54-9A1E7A4F7556}") = "DevToolsNet.DB.Generator", "DevToolsNet.DB.Generator\DevToolsNet.DB.Generator.csproj", "{589493DD-1C42-4C52-8E98-8B2C4DD1CF7D}"
EndProject
Project("{2150E333-8FDC-42A3-9474-1A3956D46DE8}") = "Security", "Security", "{ABBB7B3B-79DF-4F4F-8B4D-7D16EFBC6F1A}"
EndProject
Project("{9A19103F-16F7-4668-BE54-9A1E7A4F7556}") = "DevToolsNet.Security", "DevToolsNet.Security\DevToolsNet.Security.csproj", "{F180E390-02D4-4BF8-86E0-1483D7CCA2C8}"
EndProject
Project("{9A19103F-16F7-4668-BE54-9A1E7A4F7556}") = "DevToolsNet.DB.Runner", "DevToolsNet.DB.MultiServerRun\DevToolsNet.DB.Runner.csproj", "{D2C654F8-0837-4147-9937-FA5B5582D765}"
EndProject
Project("{9A19103F-16F7-4668-BE54-9A1E7A4F7556}") = "DevToolsNet.Generics", "DevToolsNet.Generics\DevToolsNet.Generics.csproj", "{B2C61023-C3D3-4223-8419-05AEFF785213}"
EndProject
Project("{9A19103F-16F7-4668-BE54-9A1E7A4F7556}") = "DevToolsNet.Extensions", "DevToolsNet.Extensions\DevToolsNet.Extensions.csproj", "{B34A42F4-5584-4F47-9CF5-B7204416EF4F}"
EndProject
Project("{9A19103F-16F7-4668-BE54-9A1E7A4F7556}") = "DevToolsNet.Drawing", "DevToolsNet.Drawing\DevToolsNet.Drawing.csproj", "{8D21824F-105D-4BEA-9932-825991A5CFF8}"
EndProject
Project("{9A19103F-16F7-4668-BE54-9A1E7A4F7556}") = "DevToolsNet.Xml", "DevToolsNet.Xml\DevToolsNet.Xml.csproj", "{81ADFC9C-A913-4796-924A-CF4ED7540218}"
EndProject
Project("{9A19103F-16F7-4668-BE54-9A1E7A4F7556}") = "DevToolsNet.DB.Objects", "DevToolsNet6.DB.Objects\DevToolsNet.DB.Objects.csproj", "{A40BE525-52E7-46EA-BC42-8B3BD2964BBD}"
EndProject
Project("{9A19103F-16F7-4668-BE54-9A1E7A4F7556}") = "DevToolsNet.zzzTester", "DevToolsNet.Tester\DevToolsNet.zzzTester.csproj", "{E2C82E9D-447B-4B7B-988F-DC44DDE5E764}"
EndProject
Project("{9A19103F-16F7-4668-BE54-9A1E7A4F7556}") = "DevToolsNet.WindowsApp", "DevToolsNet.WindowsApp\DevToolsNet.WindowsApp.csproj", "{5AA788E8-47E9-478A-B850-6E60E994A699}"
EndProject
Project("{2150E333-8FDC-42A3-9474-1A3956D46DE8}") = "Apps", "Apps", "{B70C7224-EFDD-4E22-A907-8C829388A5AD}"
EndProject
Project("{9A19103F-16F7-4668-BE54-9A1E7A4F7556}") = "DevToolsNet.AppConfig", "DevToolsNet.AppConfig\DevToolsNet.AppConfig.csproj", "{80BC13BC-8D76-432B-99A8-928E1F7B1C8C}"
EndProject
Project("{9A19103F-16F7-4668-BE54-9A1E7A4F7556}") = "DevToolsNet.Shared", "DevToolsNet.Shared\DevToolsNet.Shared.csproj", "{844039D3-8424-4843-A8AA-91906260E450}"
EndProject
Project("{9A19103F-16F7-4668-BE54-9A1E7A4F7556}") = "DevToolsNet.AppConfig.SQL", "DevToolsNet.AppConfig.SQL\DevToolsNet.AppConfig.SQL.csproj", "{3ED67C2E-BDA7-4394-B1E7-462AD6D2851D}"
EndProject
Project("{9A19103F-16F7-4668-BE54-9A1E7A4F7556}") = "DevToolsNet.Json", "DevToolsNet.Json\DevToolsNet.Json.csproj", "{0AA80A65-F152-4D08-9993-E1CCBD71CC4B}"
EndProject
Project("{2150E333-8FDC-42A3-9474-1A3956D46DE8}") = "AppConfig", "AppConfig", "{525DFD46-5565-48A2-BB54-8A2168FA3E3F}"
EndProject
Project("{9A19103F-16F7-4668-BE54-9A1E7A4F7556}") = "DevToolsNet.AutoUpdate", "DevToolsNet.AutoUpdate\DevToolsNet.AutoUpdate.csproj", "{FB30C6AA-B4C9-4E6C-A514-C7E6834961F3}"
EndProject
Project("{2150E333-8FDC-42A3-9474-1A3956D46DE8}") = "AutoUpdate", "AutoUpdate", "{45DDC0AB-8AF1-498D-AA2C-27A1FC5EC6DE}"
EndProject
Project("{9A19103F-16F7-4668-BE54-9A1E7A4F7556}") = "DevToolsNet.AutoUpdate.Console", "DevToolsNet.AutoUpdate.Console\DevToolsNet.AutoUpdate.Console.csproj", "{382C990A-05ED-4D7C-97EF-C34E9D3A0426}"
EndProject
Project("{9A19103F-16F7-4668-BE54-9A1E7A4F7556}") = "DevToolsNet.AutoUpdate.Form", "DevToolsNet.AutoUpdate.Form\DevToolsNet.AutoUpdate.Form.csproj", "{188DDC4D-35C0-4C7E-A960-664D3751D3A0}"
EndProject
Project("{9A19103F-16F7-4668-BE54-9A1E7A4F7556}") = "DevToolsNet.WebServer", "DevToolsNet.WebServer\DevToolsNet.WebServer.csproj", "{D1237050-B40B-45A7-9EA5-17A0DBFC3201}"
EndProject
Project("{9A19103F-16F7-4668-BE54-9A1E7A4F7556}") = "DevToolsNet.WinServicesManager", "DevToolsNet.WinServicesManager\DevToolsNet.WinServicesManager.csproj", "{D51151E4-2509-4029-925A-8968EB4203B5}"
EndProject
Project("{9A19103F-16F7-4668-BE54-9A1E7A4F7556}") = "DevToolsNet.DB.SQLJobs", "DevToolsNet.DB.SQLJobs\DevToolsNet.DB.SQLJobs.csproj", "{16F0D098-EF11-4530-89BA-AE478395DB0C}"
EndProject
Project("{9A19103F-16F7-4668-BE54-9A1E7A4F7556}") = "DevToolsNet.PowerShell", "DevToolsNet6.PowerShell\DevToolsNet.PowerShell.csproj", "{21D508A0-F6B3-44E4-B8B6-F0D60DE0ABBE}"
EndProject
Project("{9A19103F-16F7-4668-BE54-9A1E7A4F7556}") = "DevToolsNet.WinFormsControlLibrary", "DevToolsNet.WinFormsControlLibrary\DevToolsNet.WinFormsControlLibrary.csproj", "{A2CE5E4E-9D90-490B-91CD-3FB782A2CE95}"
EndProject
Project("{9A19103F-16F7-4668-BE54-9A1E7A4F7556}") = "DevToolsNet.TCP", "DevToolsNet.TCP\DevToolsNet.TCP.csproj", "{F7CEC053-ADD7-4E70-81E0-6A573801FB93}"
EndProject
Project("{9A19103F-16F7-4668-BE54-9A1E7A4F7556}") = "DevToolsNet.zzzTesterWF", "DevToolsNet.zzzTesterWF\DevToolsNet.zzzTesterWF.csproj", "{05E615EC-D27F-432B-8850-2907F2C06143}"
EndProject
Project("{9A19103F-16F7-4668-BE54-9A1E7A4F7556}") = "MetroFramework", "MetroFramework\MetroFramework.csproj", "{E2A3854A-1538-4D8D-9301-22BD49353BFE}"
EndProject
Project("{9A19103F-16F7-4668-BE54-9A1E7A4F7556}") = "MetroFramework.Design", "MetroFramework.Design\MetroFramework.Design.csproj", "{39CCEBFB-3089-4A8F-BD08-16D25DD4CCC9}"
EndProject
Project("{9A19103F-16F7-4668-BE54-9A1E7A4F7556}") = "MetroFramework.Fonts", "MetroFramework.Fonts\MetroFramework.Fonts.csproj", "{8DAC8A0C-124A-485F-829B-49FAE71149D8}"
EndProject
Project("{9A19103F-16F7-4668-BE54-9A1E7A4F7556}") = "MetroFramework.Demo", "MetroFramework.Demo\MetroFramework.Demo.csproj", "{78BA7A5A-D6E1-47E4-99F5-5F6FE62FECE5}"
EndProject
Project("{FAE04EC0-301F-11D3-BF4B-00C04F79EFBC}") = "DevToolsNet.GoogleServices", "DevToolsNet.GoogleServices\DevToolsNet.GoogleServices.csproj", "{EE1BDE9E-87E3-4C1A-A893-503203373F5F}"
EndProject
Global
	GlobalSection(SolutionConfigurationPlatforms) = preSolution
		Debug|Any CPU = Debug|Any CPU
		Release|Any CPU = Release|Any CPU
	EndGlobalSection
	GlobalSection(ProjectConfigurationPlatforms) = postSolution
		{589493DD-1C42-4C52-8E98-8B2C4DD1CF7D}.Debug|Any CPU.ActiveCfg = Debug|Any CPU
		{589493DD-1C42-4C52-8E98-8B2C4DD1CF7D}.Debug|Any CPU.Build.0 = Debug|Any CPU
		{589493DD-1C42-4C52-8E98-8B2C4DD1CF7D}.Release|Any CPU.ActiveCfg = Release|Any CPU
		{589493DD-1C42-4C52-8E98-8B2C4DD1CF7D}.Release|Any CPU.Build.0 = Release|Any CPU
		{F180E390-02D4-4BF8-86E0-1483D7CCA2C8}.Debug|Any CPU.ActiveCfg = Debug|Any CPU
		{F180E390-02D4-4BF8-86E0-1483D7CCA2C8}.Debug|Any CPU.Build.0 = Debug|Any CPU
		{F180E390-02D4-4BF8-86E0-1483D7CCA2C8}.Release|Any CPU.ActiveCfg = Release|Any CPU
		{F180E390-02D4-4BF8-86E0-1483D7CCA2C8}.Release|Any CPU.Build.0 = Release|Any CPU
		{D2C654F8-0837-4147-9937-FA5B5582D765}.Debug|Any CPU.ActiveCfg = Debug|Any CPU
		{D2C654F8-0837-4147-9937-FA5B5582D765}.Debug|Any CPU.Build.0 = Debug|Any CPU
		{D2C654F8-0837-4147-9937-FA5B5582D765}.Release|Any CPU.ActiveCfg = Release|Any CPU
		{D2C654F8-0837-4147-9937-FA5B5582D765}.Release|Any CPU.Build.0 = Release|Any CPU
		{B2C61023-C3D3-4223-8419-05AEFF785213}.Debug|Any CPU.ActiveCfg = Debug|Any CPU
		{B2C61023-C3D3-4223-8419-05AEFF785213}.Debug|Any CPU.Build.0 = Debug|Any CPU
		{B2C61023-C3D3-4223-8419-05AEFF785213}.Release|Any CPU.ActiveCfg = Release|Any CPU
		{B2C61023-C3D3-4223-8419-05AEFF785213}.Release|Any CPU.Build.0 = Release|Any CPU
		{B34A42F4-5584-4F47-9CF5-B7204416EF4F}.Debug|Any CPU.ActiveCfg = Debug|Any CPU
		{B34A42F4-5584-4F47-9CF5-B7204416EF4F}.Debug|Any CPU.Build.0 = Debug|Any CPU
		{B34A42F4-5584-4F47-9CF5-B7204416EF4F}.Release|Any CPU.ActiveCfg = Release|Any CPU
		{B34A42F4-5584-4F47-9CF5-B7204416EF4F}.Release|Any CPU.Build.0 = Release|Any CPU
		{8D21824F-105D-4BEA-9932-825991A5CFF8}.Debug|Any CPU.ActiveCfg = Debug|Any CPU
		{8D21824F-105D-4BEA-9932-825991A5CFF8}.Debug|Any CPU.Build.0 = Debug|Any CPU
		{8D21824F-105D-4BEA-9932-825991A5CFF8}.Release|Any CPU.ActiveCfg = Release|Any CPU
		{8D21824F-105D-4BEA-9932-825991A5CFF8}.Release|Any CPU.Build.0 = Release|Any CPU
		{81ADFC9C-A913-4796-924A-CF4ED7540218}.Debug|Any CPU.ActiveCfg = Debug|Any CPU
		{81ADFC9C-A913-4796-924A-CF4ED7540218}.Debug|Any CPU.Build.0 = Debug|Any CPU
		{81ADFC9C-A913-4796-924A-CF4ED7540218}.Release|Any CPU.ActiveCfg = Release|Any CPU
		{81ADFC9C-A913-4796-924A-CF4ED7540218}.Release|Any CPU.Build.0 = Release|Any CPU
		{A40BE525-52E7-46EA-BC42-8B3BD2964BBD}.Debug|Any CPU.ActiveCfg = Debug|Any CPU
		{A40BE525-52E7-46EA-BC42-8B3BD2964BBD}.Debug|Any CPU.Build.0 = Debug|Any CPU
		{A40BE525-52E7-46EA-BC42-8B3BD2964BBD}.Release|Any CPU.ActiveCfg = Release|Any CPU
		{A40BE525-52E7-46EA-BC42-8B3BD2964BBD}.Release|Any CPU.Build.0 = Release|Any CPU
		{E2C82E9D-447B-4B7B-988F-DC44DDE5E764}.Debug|Any CPU.ActiveCfg = Debug|Any CPU
		{E2C82E9D-447B-4B7B-988F-DC44DDE5E764}.Debug|Any CPU.Build.0 = Debug|Any CPU
		{E2C82E9D-447B-4B7B-988F-DC44DDE5E764}.Release|Any CPU.ActiveCfg = Release|Any CPU
		{E2C82E9D-447B-4B7B-988F-DC44DDE5E764}.Release|Any CPU.Build.0 = Release|Any CPU
		{5AA788E8-47E9-478A-B850-6E60E994A699}.Debug|Any CPU.ActiveCfg = Debug|Any CPU
		{5AA788E8-47E9-478A-B850-6E60E994A699}.Debug|Any CPU.Build.0 = Debug|Any CPU
		{5AA788E8-47E9-478A-B850-6E60E994A699}.Release|Any CPU.ActiveCfg = Release|Any CPU
		{5AA788E8-47E9-478A-B850-6E60E994A699}.Release|Any CPU.Build.0 = Release|Any CPU
		{80BC13BC-8D76-432B-99A8-928E1F7B1C8C}.Debug|Any CPU.ActiveCfg = Debug|Any CPU
		{80BC13BC-8D76-432B-99A8-928E1F7B1C8C}.Debug|Any CPU.Build.0 = Debug|Any CPU
		{80BC13BC-8D76-432B-99A8-928E1F7B1C8C}.Release|Any CPU.ActiveCfg = Release|Any CPU
		{80BC13BC-8D76-432B-99A8-928E1F7B1C8C}.Release|Any CPU.Build.0 = Release|Any CPU
		{844039D3-8424-4843-A8AA-91906260E450}.Debug|Any CPU.ActiveCfg = Debug|Any CPU
		{844039D3-8424-4843-A8AA-91906260E450}.Debug|Any CPU.Build.0 = Debug|Any CPU
		{844039D3-8424-4843-A8AA-91906260E450}.Release|Any CPU.ActiveCfg = Release|Any CPU
		{844039D3-8424-4843-A8AA-91906260E450}.Release|Any CPU.Build.0 = Release|Any CPU
		{3ED67C2E-BDA7-4394-B1E7-462AD6D2851D}.Debug|Any CPU.ActiveCfg = Debug|Any CPU
		{3ED67C2E-BDA7-4394-B1E7-462AD6D2851D}.Debug|Any CPU.Build.0 = Debug|Any CPU
		{3ED67C2E-BDA7-4394-B1E7-462AD6D2851D}.Release|Any CPU.ActiveCfg = Release|Any CPU
		{3ED67C2E-BDA7-4394-B1E7-462AD6D2851D}.Release|Any CPU.Build.0 = Release|Any CPU
		{0AA80A65-F152-4D08-9993-E1CCBD71CC4B}.Debug|Any CPU.ActiveCfg = Debug|Any CPU
		{0AA80A65-F152-4D08-9993-E1CCBD71CC4B}.Debug|Any CPU.Build.0 = Debug|Any CPU
		{0AA80A65-F152-4D08-9993-E1CCBD71CC4B}.Release|Any CPU.ActiveCfg = Release|Any CPU
		{0AA80A65-F152-4D08-9993-E1CCBD71CC4B}.Release|Any CPU.Build.0 = Release|Any CPU
		{FB30C6AA-B4C9-4E6C-A514-C7E6834961F3}.Debug|Any CPU.ActiveCfg = Debug|Any CPU
		{FB30C6AA-B4C9-4E6C-A514-C7E6834961F3}.Debug|Any CPU.Build.0 = Debug|Any CPU
		{FB30C6AA-B4C9-4E6C-A514-C7E6834961F3}.Release|Any CPU.ActiveCfg = Release|Any CPU
		{FB30C6AA-B4C9-4E6C-A514-C7E6834961F3}.Release|Any CPU.Build.0 = Release|Any CPU
		{382C990A-05ED-4D7C-97EF-C34E9D3A0426}.Debug|Any CPU.ActiveCfg = Debug|Any CPU
		{382C990A-05ED-4D7C-97EF-C34E9D3A0426}.Debug|Any CPU.Build.0 = Debug|Any CPU
		{382C990A-05ED-4D7C-97EF-C34E9D3A0426}.Release|Any CPU.ActiveCfg = Release|Any CPU
		{382C990A-05ED-4D7C-97EF-C34E9D3A0426}.Release|Any CPU.Build.0 = Release|Any CPU
		{188DDC4D-35C0-4C7E-A960-664D3751D3A0}.Debug|Any CPU.ActiveCfg = Debug|Any CPU
		{188DDC4D-35C0-4C7E-A960-664D3751D3A0}.Debug|Any CPU.Build.0 = Debug|Any CPU
		{188DDC4D-35C0-4C7E-A960-664D3751D3A0}.Release|Any CPU.ActiveCfg = Release|Any CPU
		{188DDC4D-35C0-4C7E-A960-664D3751D3A0}.Release|Any CPU.Build.0 = Release|Any CPU
		{D1237050-B40B-45A7-9EA5-17A0DBFC3201}.Debug|Any CPU.ActiveCfg = Debug|Any CPU
		{D1237050-B40B-45A7-9EA5-17A0DBFC3201}.Debug|Any CPU.Build.0 = Debug|Any CPU
		{D1237050-B40B-45A7-9EA5-17A0DBFC3201}.Release|Any CPU.ActiveCfg = Release|Any CPU
		{D1237050-B40B-45A7-9EA5-17A0DBFC3201}.Release|Any CPU.Build.0 = Release|Any CPU
		{D51151E4-2509-4029-925A-8968EB4203B5}.Debug|Any CPU.ActiveCfg = Debug|Any CPU
		{D51151E4-2509-4029-925A-8968EB4203B5}.Debug|Any CPU.Build.0 = Debug|Any CPU
		{D51151E4-2509-4029-925A-8968EB4203B5}.Release|Any CPU.ActiveCfg = Release|Any CPU
		{D51151E4-2509-4029-925A-8968EB4203B5}.Release|Any CPU.Build.0 = Release|Any CPU
		{16F0D098-EF11-4530-89BA-AE478395DB0C}.Debug|Any CPU.ActiveCfg = Debug|Any CPU
		{16F0D098-EF11-4530-89BA-AE478395DB0C}.Debug|Any CPU.Build.0 = Debug|Any CPU
		{16F0D098-EF11-4530-89BA-AE478395DB0C}.Release|Any CPU.ActiveCfg = Release|Any CPU
		{16F0D098-EF11-4530-89BA-AE478395DB0C}.Release|Any CPU.Build.0 = Release|Any CPU
		{21D508A0-F6B3-44E4-B8B6-F0D60DE0ABBE}.Debug|Any CPU.ActiveCfg = Debug|Any CPU
		{21D508A0-F6B3-44E4-B8B6-F0D60DE0ABBE}.Debug|Any CPU.Build.0 = Debug|Any CPU
		{21D508A0-F6B3-44E4-B8B6-F0D60DE0ABBE}.Release|Any CPU.ActiveCfg = Release|Any CPU
		{21D508A0-F6B3-44E4-B8B6-F0D60DE0ABBE}.Release|Any CPU.Build.0 = Release|Any CPU
		{A2CE5E4E-9D90-490B-91CD-3FB782A2CE95}.Debug|Any CPU.ActiveCfg = Debug|Any CPU
		{A2CE5E4E-9D90-490B-91CD-3FB782A2CE95}.Debug|Any CPU.Build.0 = Debug|Any CPU
		{A2CE5E4E-9D90-490B-91CD-3FB782A2CE95}.Release|Any CPU.ActiveCfg = Release|Any CPU
		{A2CE5E4E-9D90-490B-91CD-3FB782A2CE95}.Release|Any CPU.Build.0 = Release|Any CPU
		{F7CEC053-ADD7-4E70-81E0-6A573801FB93}.Debug|Any CPU.ActiveCfg = Debug|Any CPU
		{F7CEC053-ADD7-4E70-81E0-6A573801FB93}.Debug|Any CPU.Build.0 = Debug|Any CPU
		{F7CEC053-ADD7-4E70-81E0-6A573801FB93}.Release|Any CPU.ActiveCfg = Release|Any CPU
		{F7CEC053-ADD7-4E70-81E0-6A573801FB93}.Release|Any CPU.Build.0 = Release|Any CPU
		{05E615EC-D27F-432B-8850-2907F2C06143}.Debug|Any CPU.ActiveCfg = Debug|Any CPU
		{05E615EC-D27F-432B-8850-2907F2C06143}.Debug|Any CPU.Build.0 = Debug|Any CPU
		{05E615EC-D27F-432B-8850-2907F2C06143}.Release|Any CPU.ActiveCfg = Release|Any CPU
		{05E615EC-D27F-432B-8850-2907F2C06143}.Release|Any CPU.Build.0 = Release|Any CPU
		{E2A3854A-1538-4D8D-9301-22BD49353BFE}.Debug|Any CPU.ActiveCfg = Debug|Any CPU
		{E2A3854A-1538-4D8D-9301-22BD49353BFE}.Debug|Any CPU.Build.0 = Debug|Any CPU
		{E2A3854A-1538-4D8D-9301-22BD49353BFE}.Release|Any CPU.ActiveCfg = Release|Any CPU
		{E2A3854A-1538-4D8D-9301-22BD49353BFE}.Release|Any CPU.Build.0 = Release|Any CPU
		{39CCEBFB-3089-4A8F-BD08-16D25DD4CCC9}.Debug|Any CPU.ActiveCfg = Debug|Any CPU
		{39CCEBFB-3089-4A8F-BD08-16D25DD4CCC9}.Debug|Any CPU.Build.0 = Debug|Any CPU
		{39CCEBFB-3089-4A8F-BD08-16D25DD4CCC9}.Release|Any CPU.ActiveCfg = Release|Any CPU
		{39CCEBFB-3089-4A8F-BD08-16D25DD4CCC9}.Release|Any CPU.Build.0 = Release|Any CPU
		{8DAC8A0C-124A-485F-829B-49FAE71149D8}.Debug|Any CPU.ActiveCfg = Debug|Any CPU
		{8DAC8A0C-124A-485F-829B-49FAE71149D8}.Debug|Any CPU.Build.0 = Debug|Any CPU
		{8DAC8A0C-124A-485F-829B-49FAE71149D8}.Release|Any CPU.ActiveCfg = Release|Any CPU
		{8DAC8A0C-124A-485F-829B-49FAE71149D8}.Release|Any CPU.Build.0 = Release|Any CPU
		{78BA7A5A-D6E1-47E4-99F5-5F6FE62FECE5}.Debug|Any CPU.ActiveCfg = Debug|Any CPU
		{78BA7A5A-D6E1-47E4-99F5-5F6FE62FECE5}.Debug|Any CPU.Build.0 = Debug|Any CPU
		{78BA7A5A-D6E1-47E4-99F5-5F6FE62FECE5}.Release|Any CPU.ActiveCfg = Release|Any CPU
		{78BA7A5A-D6E1-47E4-99F5-5F6FE62FECE5}.Release|Any CPU.Build.0 = Release|Any CPU
		{EE1BDE9E-87E3-4C1A-A893-503203373F5F}.Debug|Any CPU.ActiveCfg = Debug|Any CPU
		{EE1BDE9E-87E3-4C1A-A893-503203373F5F}.Debug|Any CPU.Build.0 = Debug|Any CPU
		{EE1BDE9E-87E3-4C1A-A893-503203373F5F}.Release|Any CPU.ActiveCfg = Release|Any CPU
		{EE1BDE9E-87E3-4C1A-A893-503203373F5F}.Release|Any CPU.Build.0 = Release|Any CPU
	EndGlobalSection
	GlobalSection(SolutionProperties) = preSolution
		HideSolutionNode = FALSE
	EndGlobalSection
	GlobalSection(NestedProjects) = preSolution
		{589493DD-1C42-4C52-8E98-8B2C4DD1CF7D} = {06AA81F5-6D38-44D6-9045-5F840F0322CB}
		{F180E390-02D4-4BF8-86E0-1483D7CCA2C8} = {ABBB7B3B-79DF-4F4F-8B4D-7D16EFBC6F1A}
		{D2C654F8-0837-4147-9937-FA5B5582D765} = {06AA81F5-6D38-44D6-9045-5F840F0322CB}
		{A40BE525-52E7-46EA-BC42-8B3BD2964BBD} = {06AA81F5-6D38-44D6-9045-5F840F0322CB}
		{5AA788E8-47E9-478A-B850-6E60E994A699} = {B70C7224-EFDD-4E22-A907-8C829388A5AD}
		{80BC13BC-8D76-432B-99A8-928E1F7B1C8C} = {525DFD46-5565-48A2-BB54-8A2168FA3E3F}
		{3ED67C2E-BDA7-4394-B1E7-462AD6D2851D} = {525DFD46-5565-48A2-BB54-8A2168FA3E3F}
		{FB30C6AA-B4C9-4E6C-A514-C7E6834961F3} = {45DDC0AB-8AF1-498D-AA2C-27A1FC5EC6DE}
		{382C990A-05ED-4D7C-97EF-C34E9D3A0426} = {45DDC0AB-8AF1-498D-AA2C-27A1FC5EC6DE}
		{188DDC4D-35C0-4C7E-A960-664D3751D3A0} = {45DDC0AB-8AF1-498D-AA2C-27A1FC5EC6DE}
		{D1237050-B40B-45A7-9EA5-17A0DBFC3201} = {B70C7224-EFDD-4E22-A907-8C829388A5AD}
		{D51151E4-2509-4029-925A-8968EB4203B5} = {AEA59BC9-D75F-49A2-AEF1-CD8A3267D653}
		{16F0D098-EF11-4530-89BA-AE478395DB0C} = {06AA81F5-6D38-44D6-9045-5F840F0322CB}
		{21D508A0-F6B3-44E4-B8B6-F0D60DE0ABBE} = {AEA59BC9-D75F-49A2-AEF1-CD8A3267D653}
		{A2CE5E4E-9D90-490B-91CD-3FB782A2CE95} = {AEA59BC9-D75F-49A2-AEF1-CD8A3267D653}
		{E2A3854A-1538-4D8D-9301-22BD49353BFE} = {AEA59BC9-D75F-49A2-AEF1-CD8A3267D653}
		{39CCEBFB-3089-4A8F-BD08-16D25DD4CCC9} = {AEA59BC9-D75F-49A2-AEF1-CD8A3267D653}
		{8DAC8A0C-124A-485F-829B-49FAE71149D8} = {AEA59BC9-D75F-49A2-AEF1-CD8A3267D653}
		{78BA7A5A-D6E1-47E4-99F5-5F6FE62FECE5} = {AEA59BC9-D75F-49A2-AEF1-CD8A3267D653}
	EndGlobalSection
	GlobalSection(ExtensibilityGlobals) = postSolution
		SolutionGuid = {851D85FB-37A4-47C9-AC7A-D8FB578036D9}
	EndGlobalSection
EndGlobal
